
Microsoft Visual Studio Solution File, Format Version 12.00
# Visual Studio 2015
Project("{FAE04EC0-301F-11D3-BF4B-00C04F79EFBC}") = "ProjectWitch_Blog", "ProjectWitch_Blog.csproj", "{93CA6FD9-03C6-51AF-927D-C57DCE369279}"
EndProject
Project("{FAE04EC0-301F-11D3-BF4B-00C04F79EFBC}") = "ProjectWitch_Blog.Editor", "ProjectWitch_Blog.Editor.csproj", "{350472D7-EF9D-0AD6-01B5-2D14A27C7AD2}"
EndProject
Global
	GlobalSection(SolutionConfigurationPlatforms) = preSolution
		Debug|Any CPU = Debug|Any CPU
		Release|Any CPU = Release|Any CPU
	EndGlobalSection
	GlobalSection(ProjectConfigurationPlatforms) = postSolution
		{93CA6FD9-03C6-51AF-927D-C57DCE369279}.Debug|Any CPU.ActiveCfg = Debug|Any CPU
		{93CA6FD9-03C6-51AF-927D-C57DCE369279}.Debug|Any CPU.Build.0 = Debug|Any CPU
		{93CA6FD9-03C6-51AF-927D-C57DCE369279}.Release|Any CPU.ActiveCfg = Release|Any CPU
		{93CA6FD9-03C6-51AF-927D-C57DCE369279}.Release|Any CPU.Build.0 = Release|Any CPU
		{350472D7-EF9D-0AD6-01B5-2D14A27C7AD2}.Debug|Any CPU.ActiveCfg = Debug|Any CPU
		{350472D7-EF9D-0AD6-01B5-2D14A27C7AD2}.Debug|Any CPU.Build.0 = Debug|Any CPU
		{350472D7-EF9D-0AD6-01B5-2D14A27C7AD2}.Release|Any CPU.ActiveCfg = Release|Any CPU
		{350472D7-EF9D-0AD6-01B5-2D14A27C7AD2}.Release|Any CPU.Build.0 = Release|Any CPU
	EndGlobalSection
	GlobalSection(SolutionProperties) = preSolution
		HideSolutionNode = FALSE
	EndGlobalSection
EndGlobal
